
Microsoft Visual Studio Solution File, Format Version 12.00
# Visual Studio Version 17
VisualStudioVersion = 17.1.32421.90
MinimumVisualStudioVersion = 10.0.40219.1
Project("{9A19103F-16F7-4668-BE54-9A1E7A4F7556}") = "CourseStore.Model", "CourseStore.Model\CourseStore.Model.csproj", "{443EAD9D-A872-481F-960A-B4FA6D43EC2C}"
EndProject
Project("{9A19103F-16F7-4668-BE54-9A1E7A4F7556}") = "CourseStore.DAL", "CourseStore.DAL\CourseStore.DAL.csproj", "{ACAA44FC-344D-4B36-AF72-B2D07735197C}"
EndProject
Project("{9A19103F-16F7-4668-BE54-9A1E7A4F7556}") = "CourseStore.WebAPI", "CourseStore.WebAPI\CourseStore.WebAPI.csproj", "{3C6ED015-B090-4A1E-BA1D-B902ED197731}"
EndProject
Project("{FAE04EC0-301F-11D3-BF4B-00C04F79EFBC}") = "CourseStore.BLL", "CourseStore.BLL\CourseStore.BLL.csproj", "{637A3C4A-30B2-4469-AC20-062FEC9EA7EA}"
EndProject
Global
	GlobalSection(SolutionConfigurationPlatforms) = preSolution
		Debug|Any CPU = Debug|Any CPU
		Release|Any CPU = Release|Any CPU
	EndGlobalSection
	GlobalSection(ProjectConfigurationPlatforms) = postSolution
		{443EAD9D-A872-481F-960A-B4FA6D43EC2C}.Debug|Any CPU.ActiveCfg = Debug|Any CPU
		{443EAD9D-A872-481F-960A-B4FA6D43EC2C}.Debug|Any CPU.Build.0 = Debug|Any CPU
		{443EAD9D-A872-481F-960A-B4FA6D43EC2C}.Release|Any CPU.ActiveCfg = Release|Any CPU
		{443EAD9D-A872-481F-960A-B4FA6D43EC2C}.Release|Any CPU.Build.0 = Release|Any CPU
		{ACAA44FC-344D-4B36-AF72-B2D07735197C}.Debug|Any CPU.ActiveCfg = Debug|Any CPU
		{ACAA44FC-344D-4B36-AF72-B2D07735197C}.Debug|Any CPU.Build.0 = Debug|Any CPU
		{ACAA44FC-344D-4B36-AF72-B2D07735197C}.Release|Any CPU.ActiveCfg = Release|Any CPU
		{ACAA44FC-344D-4B36-AF72-B2D07735197C}.Release|Any CPU.Build.0 = Release|Any CPU
		{3C6ED015-B090-4A1E-BA1D-B902ED197731}.Debug|Any CPU.ActiveCfg = Debug|Any CPU
		{3C6ED015-B090-4A1E-BA1D-B902ED197731}.Debug|Any CPU.Build.0 = Debug|Any CPU
		{3C6ED015-B090-4A1E-BA1D-B902ED197731}.Release|Any CPU.ActiveCfg = Release|Any CPU
		{3C6ED015-B090-4A1E-BA1D-B902ED197731}.Release|Any CPU.Build.0 = Release|Any CPU
		{637A3C4A-30B2-4469-AC20-062FEC9EA7EA}.Debug|Any CPU.ActiveCfg = Debug|Any CPU
		{637A3C4A-30B2-4469-AC20-062FEC9EA7EA}.Debug|Any CPU.Build.0 = Debug|Any CPU
		{637A3C4A-30B2-4469-AC20-062FEC9EA7EA}.Release|Any CPU.ActiveCfg = Release|Any CPU
		{637A3C4A-30B2-4469-AC20-062FEC9EA7EA}.Release|Any CPU.Build.0 = Release|Any CPU
	EndGlobalSection
	GlobalSection(SolutionProperties) = preSolution
		HideSolutionNode = FALSE
	EndGlobalSection
	GlobalSection(ExtensibilityGlobals) = postSolution
		SolutionGuid = {A470CAD3-CEA7-48AF-B380-F6EF294CEDCA}
	EndGlobalSection
EndGlobal
